
Microsoft Visual Studio Solution File, Format Version 12.00
# Visual Studio 15
VisualStudioVersion = 15.0.27428.2015
MinimumVisualStudioVersion = 10.0.40219.1
Project("{FAE04EC0-301F-11D3-BF4B-00C04F79EFBC}") = "OnlineStore", "OnlineStore\OnlineStore.csproj", "{82F1491B-3B76-4C13-89D2-256685BA533C}"
EndProject
Global
	GlobalSection(SolutionConfigurationPlatforms) = preSolution
		Debug|Any CPU = Debug|Any CPU
		Release|Any CPU = Release|Any CPU
	EndGlobalSection
	GlobalSection(ProjectConfigurationPlatforms) = postSolution
		{82F1491B-3B76-4C13-89D2-256685BA533C}.Debug|Any CPU.ActiveCfg = Debug|Any CPU
		{82F1491B-3B76-4C13-89D2-256685BA533C}.Debug|Any CPU.Build.0 = Debug|Any CPU
		{82F1491B-3B76-4C13-89D2-256685BA533C}.Release|Any CPU.ActiveCfg = Release|Any CPU
		{82F1491B-3B76-4C13-89D2-256685BA533C}.Release|Any CPU.Build.0 = Release|Any CPU
	EndGlobalSection
	GlobalSection(SolutionProperties) = preSolution
		HideSolutionNode = FALSE
	EndGlobalSection
	GlobalSection(ExtensibilityGlobals) = postSolution
		EnterpriseLibraryConfigurationToolBinariesPath = packages\Unity.2.1.505.0\lib\NET35
		SolutionGuid = {B7A6DB3A-3C89-41B6-9B5D-B301B9ED7F23}
	EndGlobalSection
EndGlobal
